
Microsoft Visual Studio Solution File, Format Version 12.00
# Visual Studio 15
VisualStudioVersion = 15.0.27004.2009
MinimumVisualStudioVersion = 10.0.40219.1
Project("{FAE04EC0-301F-11D3-BF4B-00C04F79EFBC}") = "ChatBot", "ChatBot\ChatBot.csproj", "{E0EECBE4-2F13-4C05-A393-8BC4235F8E0D}"
EndProject
Global
	GlobalSection(SolutionConfigurationPlatforms) = preSolution
		Debug|Any CPU = Debug|Any CPU
		Release|Any CPU = Release|Any CPU
	EndGlobalSection
	GlobalSection(ProjectConfigurationPlatforms) = postSolution
		{E0EECBE4-2F13-4C05-A393-8BC4235F8E0D}.Debug|Any CPU.ActiveCfg = Debug|Any CPU
		{E0EECBE4-2F13-4C05-A393-8BC4235F8E0D}.Debug|Any CPU.Build.0 = Debug|Any CPU
		{E0EECBE4-2F13-4C05-A393-8BC4235F8E0D}.Release|Any CPU.ActiveCfg = Release|Any CPU
		{E0EECBE4-2F13-4C05-A393-8BC4235F8E0D}.Release|Any CPU.Build.0 = Release|Any CPU
	EndGlobalSection
	GlobalSection(SolutionProperties) = preSolution
		HideSolutionNode = FALSE
	EndGlobalSection
	GlobalSection(ExtensibilityGlobals) = postSolution
		SolutionGuid = {C01653B8-E2D7-472B-9CED-0CF68B97123A}
	EndGlobalSection
EndGlobal
